
Microsoft Visual Studio Solution File, Format Version 12.00
# Visual Studio Version 17
VisualStudioVersion = 17.5.33530.505
MinimumVisualStudioVersion = 10.0.40219.1
Project("{FAE04EC0-301F-11D3-BF4B-00C04F79EFBC}") = "Calculadora", "Calculadora\Calculadora.csproj", "{93C52CC7-CC2D-4215-8BE6-FAD7679F8DD8}"
EndProject
Global
	GlobalSection(SolutionConfigurationPlatforms) = preSolution
		Debug|Any CPU = Debug|Any CPU
		Release|Any CPU = Release|Any CPU
	EndGlobalSection
	GlobalSection(ProjectConfigurationPlatforms) = postSolution
		{93C52CC7-CC2D-4215-8BE6-FAD7679F8DD8}.Debug|Any CPU.ActiveCfg = Debug|Any CPU
		{93C52CC7-CC2D-4215-8BE6-FAD7679F8DD8}.Debug|Any CPU.Build.0 = Debug|Any CPU
		{93C52CC7-CC2D-4215-8BE6-FAD7679F8DD8}.Release|Any CPU.ActiveCfg = Release|Any CPU
		{93C52CC7-CC2D-4215-8BE6-FAD7679F8DD8}.Release|Any CPU.Build.0 = Release|Any CPU
	EndGlobalSection
	GlobalSection(SolutionProperties) = preSolution
		HideSolutionNode = FALSE
	EndGlobalSection
	GlobalSection(ExtensibilityGlobals) = postSolution
		SolutionGuid = {E818F65E-1C11-46FF-922F-C7B4A6AB1480}
	EndGlobalSection
EndGlobal
